output/qiime2_run/sequences.qza
output/qiime2_run/table.qza
output/qiime2_run/rep_seqs.qza
output/qiime2_run/dada2_stats.qza
output/qiime2_run/taxonomy.qza
output/qiime2_run/rooted_tree.qza
output/qiime2_run/dada2_stats.qzv
output/qiime2_run/table_summary.qzv
output/qiime2_run/rep_seqs.qzv
output/qiime2_run/taxa_barplot.qzv
output/qiime2_run/core_diversity/faith_pd_correlation.qzv
output/qiime2_run/core_diversity/shannon_correlation.qzv
output/qiime2_run/core_diversity/evenness_correlation.qzv
output/qiime2_run/core_diversity/observed_features_correlation.qzv
output/qiime2_run/exported/feature_table/feature-table.tsv
output/qiime2_run/exported/taxonomy/taxonomy.tsv
output/qiime2_run/exported/tree/tree.nwk
output/qiime2_run/exported/rep_seqs/dna-sequences.fasta
output/qiime2_run/exported/dada2_stats/stats.tsv
output/qiime2_run/exported/alpha_diversity/faith_pd/alpha-diversity.tsv
output/qiime2_run/exported/alpha_diversity/shannon/alpha-diversity.tsv
output/qiime2_run/exported/alpha_diversity/evenness/alpha-diversity.tsv
output/qiime2_run/exported/alpha_diversity/observed_features/alpha-diversity.tsv
output/qiime2_run/stats/alpha/alpha_statistics.tsv
output/qiime2_run/stats/alpha/alpha_plots.pdf
output/qiime2_run/stats/alpha/faith_pd_group_significance.qzv
output/qiime2_run/stats/alpha/shannon_group_significance.qzv
output/qiime2_run/stats/alpha/evenness_group_significance.qzv
output/qiime2_run/stats/alpha/observed_features_group_significance.qzv
output/qiime2_run/stats/beta/unweighted_unifrac_permanova.qzv
output/qiime2_run/stats/beta/weighted_unifrac_permanova.qzv
output/qiime2_run/stats/beta/bray_curtis_permanova.qzv
output/qiime2_run/stats/beta/jaccard_permanova.qzv
output/qiime2_run/stats/beta/bray_curtis_distance_matrix.tsv
output/qiime2_run/stats/beta/weighted_unifrac_distance_matrix.tsv
output/qiime2_run/stats/beta/permanova_results.tsv
output/qiime2_run/stats/beta/pcoa_plots.pdf
output/qiime2_run/composition/2_relfreq.tsv
output/qiime2_run/composition/3_relfreq.tsv
output/qiime2_run/composition/6_relfreq.tsv
output/qiime2_run/composition/2_barplot.qzv
output/qiime2_run/composition/3_barplot.qzv
output/qiime2_run/composition/6_barplot.qzv
output/qiime2_run/composition/composition_plots.pdf
output/qiime2_run/composition/krona.html
output/qiime2_run/differential/ancombc_level2.qzv
output/qiime2_run/differential/ancombc_level6.qzv
output/qiime2_run/differential/ancombc_level2.tsv
output/qiime2_run/differential/ancombc_level6.tsv
output/qiime2_run/differential/lefse_results.tsv
output/qiime2_run/differential/lefse_plots.pdf
output/qiime2_run/core_microbiome/core_features.qzv
output/qiime2_run/core_microbiome/core_stats.tsv
output/qiime2_run/core_microbiome/core_plots.pdf
output/qiime2_run/picrust2/pathway_differential.tsv
output/qiime2_run/picrust2/pathway_plots.pdf
output/qiime2_run/manifest.tsv
config/samples.tsv
output/qiime2_run/sequences.qza
output/qiime2_run/rep_seqs.qza
refs/silva-138-99-nb-classifier.qza
output/qiime2_run/rep_seqs.qza
output/qiime2_run/dada2_stats.qza
output/qiime2_run/table.qza
config/metadata.tsv
output/qiime2_run/rep_seqs.qza
output/qiime2_run/table.qza
output/qiime2_run/taxonomy.qza
config/metadata.tsv
output/qiime2_run/core_diversity/faith_pd_vector.qza
config/metadata.tsv
output/qiime2_run/rooted_tree.qza
output/qiime2_run/table.qza
config/metadata.tsv
output/qiime2_run/exported/feature_table/feature-table.tsv
output/qiime2_run/table.qza
output/qiime2_run/core_diversity/shannon_vector.qza
config/metadata.tsv
output/qiime2_run/core_diversity/evenness_vector.qza
config/metadata.tsv
output/qiime2_run/core_diversity/observed_features_vector.qza
config/metadata.tsv
output/qiime2_run/taxonomy.qza
output/qiime2_run/rooted_tree.qza
output/qiime2_run/rep_seqs.qza
output/qiime2_run/dada2_stats.qza
output/qiime2_run/core_diversity/faith_pd_vector.qza
output/qiime2_run/core_diversity/shannon_vector.qza
output/qiime2_run/core_diversity/evenness_vector.qza
output/qiime2_run/core_diversity/observed_features_vector.qza
output/qiime2_run/exported/alpha_diversity/faith_pd/alpha-diversity.tsv
output/qiime2_run/exported/alpha_diversity/shannon/alpha-diversity.tsv
output/qiime2_run/exported/alpha_diversity/evenness/alpha-diversity.tsv
output/qiime2_run/exported/alpha_diversity/observed_features/alpha-diversity.tsv
config/metadata.tsv
output/qiime2_run/core_diversity/faith_pd_vector.qza
config/metadata.tsv
output/qiime2_run/core_diversity/shannon_vector.qza
config/metadata.tsv
output/qiime2_run/core_diversity/evenness_vector.qza
config/metadata.tsv
output/qiime2_run/core_diversity/observed_features_vector.qza
config/metadata.tsv
output/qiime2_run/core_diversity/unweighted_unifrac_distance_matrix.qza
config/metadata.tsv
output/qiime2_run/core_diversity/weighted_unifrac_distance_matrix.qza
config/metadata.tsv
output/qiime2_run/core_diversity/bray_curtis_distance_matrix.qza
config/metadata.tsv
output/qiime2_run/core_diversity/jaccard_distance_matrix.qza
config/metadata.tsv
output/qiime2_run/core_diversity/bray_curtis_distance_matrix.qza
output/qiime2_run/core_diversity/weighted_unifrac_distance_matrix.qza
output/qiime2_run/exported/feature_table/feature-table.tsv
config/metadata.tsv
output/qiime2_run/stats/beta/bray_curtis_distance_matrix.tsv
output/qiime2_run/stats/beta/weighted_unifrac_distance_matrix.tsv
output/qiime2_run/composition/2_relfreq.qza
output/qiime2_run/composition/2_table.qza
output/qiime2_run/table.qza
output/qiime2_run/taxonomy.qza
output/qiime2_run/composition/3_relfreq.qza
output/qiime2_run/composition/3_table.qza
output/qiime2_run/table.qza
output/qiime2_run/taxonomy.qza
output/qiime2_run/composition/6_relfreq.qza
output/qiime2_run/composition/6_table.qza
output/qiime2_run/table.qza
output/qiime2_run/taxonomy.qza
output/qiime2_run/composition/2_table.qza
output/qiime2_run/taxonomy.qza
config/metadata.tsv
output/qiime2_run/composition/3_table.qza
output/qiime2_run/taxonomy.qza
config/metadata.tsv
output/qiime2_run/composition/6_table.qza
output/qiime2_run/taxonomy.qza
config/metadata.tsv
output/qiime2_run/composition/2_relfreq.tsv
output/qiime2_run/composition/3_relfreq.tsv
output/qiime2_run/composition/6_relfreq.tsv
config/metadata.tsv
output/qiime2_run/exported/taxonomy/taxonomy.tsv
output/qiime2_run/exported/feature_table/feature-table.tsv
output/qiime2_run/differential/ancombc_level2.qza
output/qiime2_run/composition/2_table.qza
config/metadata.tsv
output/qiime2_run/differential/ancombc_level6.qza
output/qiime2_run/composition/6_table.qza
config/metadata.tsv
output/qiime2_run/differential/ancombc_level2.qza
config/metadata.tsv
output/qiime2_run/differential/ancombc_level6.qza
config/metadata.tsv
output/qiime2_run/composition/6_relfreq.tsv
output/qiime2_run/exported/taxonomy/taxonomy.tsv
config/metadata.tsv
output/qiime2_run/table.qza
output/qiime2_run/exported/feature_table/feature-table.tsv
config/metadata.tsv
output/qiime2_run/picrust2/pathways_out/path_abun_unstrat.tsv
config/metadata.tsv
output/qiime2_run/picrust2/pathways_out/path_abun_unstrat.tsv.gz
output/qiime2_run/picrust2/EC_metagenome/ec_pred_metagenome_unstrat.tsv.gz
output/qiime2_run/exported/rep_seqs/dna-sequences.fasta
output/qiime2_run/exported/feature_table/feature-table.biom
